// !$*UTF8*$!
{
	archiveVersion = 1;
	classes = {
	};
	objectVersion = 50;
	objects = {

/* Begin PBXBuildFile section */
		9C5D391F244ABAF3004C835E /* AppDelegate.swift in Sources */ = {isa = PBXBuildFile; fileRef = 9C5D391E244ABAF3004C835E /* AppDelegate.swift */; };
		9C5D3921244ABAF3004C835E /* SceneDelegate.swift in Sources */ = {isa = PBXBuildFile; fileRef = 9C5D3920244ABAF3004C835E /* SceneDelegate.swift */; };
		9C5D3923244ABAF3004C835E /* ViewController.swift in Sources */ = {isa = PBXBuildFile; fileRef = 9C5D3922244ABAF3004C835E /* ViewController.swift */; };
		9C5D3926244ABAF3004C835E /* Main.storyboard in Resources */ = {isa = PBXBuildFile; fileRef = 9C5D3924244ABAF3004C835E /* Main.storyboard */; };
		9C5D3928244ABB05004C835E /* Assets.xcassets in Resources */ = {isa = PBXBuildFile; fileRef = 9C5D3927244ABB05004C835E /* Assets.xcassets */; };
		9C5D392B244ABB05004C835E /* LaunchScreen.storyboard in Resources */ = {isa = PBXBuildFile; fileRef = 9C5D3929244ABB05004C835E /* LaunchScreen.storyboard */; };
		9CEEE5E12481CA920042D9A7 /* HangmanImage1.jpg in Resources */ = {isa = PBXBuildFile; fileRef = 9CEEE5E02481CA920042D9A7 /* HangmanImage1.jpg */; };
		9CEEE5E52481CDC90042D9A7 /* start.txt in Resources */ = {isa = PBXBuildFile; fileRef = 9CEEE5E42481CDC80042D9A7 /* start.txt */; };
/* End PBXBuildFile section */

/* Begin PBXFileReference section */
		9C5D391B244ABAF3004C835E /* HangmanTry1.app */ = {isa = PBXFileReference; explicitFileType = wrapper.application; includeInIndex = 0; path = HangmanTry1.app; sourceTree = BUILT_PRODUCTS_DIR; };
		9C5D391E244ABAF3004C835E /* AppDelegate.swift */ = {isa = PBXFileReference; lastKnownFileType = sourcecode.swift; path = AppDelegate.swift; sourceTree = "<group>"; };
		9C5D3920244ABAF3004C835E /* SceneDelegate.swift */ = {isa = PBXFileReference; lastKnownFileType = sourcecode.swift; path = SceneDelegate.swift; sourceTree = "<group>"; };
		9C5D3922244ABAF3004C835E /* ViewController.swift */ = {isa = PBXFileReference; lastKnownFileType = sourcecode.swift; path = ViewController.swift; sourceTree = "<group>"; };
		9C5D3925244ABAF3004C835E /* Base */ = {isa = PBXFileReference; lastKnownFileType = file.storyboard; name = Base; path = Base.lproj/Main.storyboard; sourceTree = "<group>"; };
		9C5D3927244ABB05004C835E /* Assets.xcassets */ = {isa = PBXFileReference; lastKnownFileType = folder.assetcatalog; path = Assets.xcassets; sourceTree = "<group>"; };
		9C5D392A244ABB05004C835E /* Base */ = {isa = PBXFileReference; lastKnownFileType = file.storyboard; name = Base; path = Base.lproj/LaunchScreen.storyboard; sourceTree = "<group>"; };
		9C5D392C244ABB05004C835E /* Info.plist */ = {isa = PBXFileReference; lastKnownFileType = text.plist.xml; path = Info.plist; sourceTree = "<group>"; };
		9CEEE5E02481CA920042D9A7 /* HangmanImage1.jpg */ = {isa = PBXFileReference; lastKnownFileType = image.jpeg; path = HangmanImage1.jpg; sourceTree = "<group>"; };
		9CEEE5E42481CDC80042D9A7 /* start.txt */ = {isa = PBXFileReference; fileEncoding = 4; lastKnownFileType = text; path = start.txt; sourceTree = "<group>"; };
/* End PBXFileReference section */

/* Begin PBXFrameworksBuildPhase section */
		9C5D3918244ABAF3004C835E /* Frameworks */ = {
			isa = PBXFrameworksBuildPhase;
			buildActionMask = 2147483647;
			files = (
			);
			runOnlyForDeploymentPostprocessing = 0;
		};
/* End PBXFrameworksBuildPhase section */

/* Begin PBXGroup section */
		9C5D3912244ABAF3004C835E = {
			isa = PBXGroup;
			children = (
				9C5D391D244ABAF3004C835E /* HangmanTry1 */,
				9C5D391C244ABAF3004C835E /* Products */,
			);
			sourceTree = "<group>";
		};
		9C5D391C244ABAF3004C835E /* Products */ = {
			isa = PBXGroup;
			children = (
				9C5D391B244ABAF3004C835E /* HangmanTry1.app */,
			);
			name = Products;
			sourceTree = "<group>";
		};
		9C5D391D244ABAF3004C835E /* HangmanTry1 */ = {
			isa = PBXGroup;
			children = (
				9C5D391E244ABAF3004C835E /* AppDelegate.swift */,
				9C5D3920244ABAF3004C835E /* SceneDelegate.swift */,
				9C5D3922244ABAF3004C835E /* ViewController.swift */,
				9C5D3924244ABAF3004C835E /* Main.storyboard */,
				9C5D3927244ABB05004C835E /* Assets.xcassets */,
				9C5D3929244ABB05004C835E /* LaunchScreen.storyboard */,
				9C5D392C244ABB05004C835E /* Info.plist */,
				9CEEE5E42481CDC80042D9A7 /* start.txt */,
				9CEEE5DF2481CA920042D9A7 /* Contents */,
			);
			path = HangmanTry1;
			sourceTree = "<group>";
		};
		9CEEE5DF2481CA920042D9A7 /* Contents */ = {
			isa = PBXGroup;
			children = (
				9CEEE5E02481CA920042D9A7 /* HangmanImage1.jpg */,
			);
			name = Contents;
			path = "../../All Resources/Contents";
			sourceTree = "<group>";
		};
/* End PBXGroup section */

/* Begin PBXNativeTarget section */
		9C5D391A244ABAF3004C835E /* HangmanTry1 */ = {
			isa = PBXNativeTarget;
			buildConfigurationList = 9C5D392F244ABB05004C835E /* Build configuration list for PBXNativeTarget "HangmanTry1" */;
			buildPhases = (
				9C5D3917244ABAF3004C835E /* Sources */,
				9C5D3918244ABAF3004C835E /* Frameworks */,
				9C5D3919244ABAF3004C835E /* Resources */,
			);
			buildRules = (
			);
			dependencies = (
			);
			name = HangmanTry1;
			productName = HangmanTry1;
			productReference = 9C5D391B244ABAF3004C835E /* HangmanTry1.app */;
			productType = "com.apple.product-type.application";
		};
/* End PBXNativeTarget section */

/* Begin PBXProject section */
		9C5D3913244ABAF3004C835E /* Project object */ = {
			isa = PBXProject;
			attributes = {
				LastSwiftUpdateCheck = 1110;
				LastUpgradeCheck = 1110;
				ORGANIZATIONNAME = "Chen, Sihan";
				TargetAttributes = {
					9C5D391A244ABAF3004C835E = {
						CreatedOnToolsVersion = 11.1;
					};
				};
			};
			buildConfigurationList = 9C5D3916244ABAF3004C835E /* Build configuration list for PBXProject "HangmanTry1" */;
			compatibilityVersion = "Xcode 9.3";
			developmentRegion = en;
			hasScannedForEncodings = 0;
			knownRegions = (
				en,
				Base,
			);
			mainGroup = 9C5D3912244ABAF3004C835E;
			productRefGroup = 9C5D391C244ABAF3004C835E /* Products */;
			projectDirPath = "";
			projectRoot = "";
			targets = (
				9C5D391A244ABAF3004C835E /* HangmanTry1 */,
			);
		};
/* End PBXProject section */

/* Begin PBXResourcesBuildPhase section */
		9C5D3919244ABAF3004C835E /* Resources */ = {
			isa = PBXResourcesBuildPhase;
			buildActionMask = 2147483647;
			files = (
				9C5D392B244ABB05004C835E /* LaunchScreen.storyboard in Resources */,
				9C5D3928244ABB05004C835E /* Assets.xcassets in Resources */,
				9CEEE5E12481CA920042D9A7 /* HangmanImage1.jpg in Resources */,
				9C5D3926244ABAF3004C835E /* Main.storyboard in Resources */,
				9CEEE5E52481CDC90042D9A7 /* start.txt in Resources */,
			);
			runOnlyForDeploymentPostprocessing = 0;
		};
/* End PBXResourcesBuildPhase section */

/* Begin PBXSourcesBuildPhase section */
		9C5D3917244ABAF3004C835E /* Sources */ = {
			isa = PBXSourcesBuildPhase;
			buildActionMask = 2147483647;
			files = (
				9C5D3923244ABAF3004C835E /* ViewController.swift in Sources */,
				9C5D391F244ABAF3004C835E /* AppDelegate.swift in Sources */,
				9C5D3921244ABAF3004C835E /* SceneDelegate.swift in Sources */,
			);
			runOnlyForDeploymentPostprocessing = 0;
		};
/* End PBXSourcesBuildPhase section */

/* Begin PBXVariantGroup section */
		9C5D3924244ABAF3004C835E /* Main.storyboard */ = {
			isa = PBXVariantGroup;
			children = (
				9C5D3925244ABAF3004C835E /* Base */,
			);
			name = Main.storyboard;
			sourceTree = "<group>";
		};
		9C5D3929244ABB05004C835E /* LaunchScreen.storyboard */ = {
			isa = PBXVariantGroup;
			children = (
				9C5D392A244ABB05004C835E /* Base */,
			);
			name = LaunchScreen.storyboard;
			sourceTree = "<group>";
		};
/* End PBXVariantGroup section */

/* Begin XCBuildConfiguration section */
		9C5D392D244ABB05004C835E /* Debug */ = {
			isa = XCBuildConfiguration;
			buildSettings = {
				ALWAYS_SEARCH_USER_PATHS = NO;
				CLANG_ANALYZER_NONNULL = YES;
				CLANG_ANALYZER_NUMBER_OBJECT_CONVERSION = YES_AGGRESSIVE;
				CLANG_CXX_LANGUAGE_STANDARD = "gnu++14";
				CLANG_CXX_LIBRARY = "libc++";
				CLANG_ENABLE_MODULES = YES;
				CLANG_ENABLE_OBJC_ARC = YES;
				CLANG_ENABLE_OBJC_WEAK = YES;
				CLANG_WARN_BLOCK_CAPTURE_AUTORELEASING = YES;
				CLANG_WARN_BOOL_CONVERSION = YES;
				CLANG_WARN_COMMA = YES;
				CLANG_WARN_CONSTANT_CONVERSION = YES;
				CLANG_WARN_DEPRECATED_OBJC_IMPLEMENTATIONS = YES;
				CLANG_WARN_DIRECT_OBJC_ISA_USAGE = YES_ERROR;
				CLANG_WARN_DOCUMENTATION_COMMENTS = YES;
				CLANG_WARN_EMPTY_BODY = YES;
				CLANG_WARN_ENUM_CONVERSION = YES;
				CLANG_WARN_INFINITE_RECURSION = YES;
				CLANG_WARN_INT_CONVERSION = YES;
				CLANG_WARN_NON_LITERAL_NULL_CONVERSION = YES;
				CLANG_WARN_OBJC_IMPLICIT_RETAIN_SELF = YES;
				CLANG_WARN_OBJC_LITERAL_CONVERSION = YES;
				CLANG_WARN_OBJC_ROOT_CLASS = YES_ERROR;
				CLANG_WARN_RANGE_LOOP_ANALYSIS = YES;
				CLANG_WARN_STRICT_PROTOTYPES = YES;
				CLANG_WARN_SUSPICIOUS_MOVE = YES;
				CLANG_WARN_UNGUARDED_AVAILABILITY = YES_AGGRESSIVE;
				CLANG_WARN_UNREACHABLE_CODE = YES;
				CLANG_WARN__DUPLICATE_METHOD_MATCH = YES;
				COPY_PHASE_STRIP = NO;
				DEBUG_INFORMATION_FORMAT = dwarf;
				ENABLE_STRICT_OBJC_MSGSEND = YES;
				ENABLE_TESTABILITY = YES;
				GCC_C_LANGUAGE_STANDARD = gnu11;
				GCC_DYNAMIC_NO_PIC = NO;
				GCC_NO_COMMON_BLOCKS = YES;
				GCC_OPTIMIZATION_LEVEL = 0;
				GCC_PREPROCESSOR_DEFINITIONS = (
					"DEBUG=1",
					"$(inherited)",
				);
				GCC_WARN_64_TO_32_BIT_CONVERSION = YES;
				GCC_WARN_ABOUT_RETURN_TYPE = YES_ERROR;
				GCC_WARN_UNDECLARED_SELECTOR = YES;
				GCC_WARN_UNINITIALIZED_AUTOS = YES_AGGRESSIVE;
				GCC_WARN_UNUSED_FUNCTION = YES;
				GCC_WARN_UNUSED_VARIABLE = YES;
				IPHONEOS_DEPLOYMENT_TARGET = 13.1;
				MTL_ENABLE_DEBUG_INFO = INCLUDE_SOURCE;
				MTL_FAST_MATH = YES;
				ONLY_ACTIVE_ARCH = YES;
				SDKROOT = iphoneos;
				SWIFT_ACTIVE_COMPILATION_CONDITIONS = DEBUG;
				SWIFT_OPTIMIZATION_LEVEL = "-Onone";
			};
			name = Debug;
		};
		9C5D392E244ABB05004C835E /* Release */ = {
			isa = XCBuildConfiguration;
			buildSettings = {
				ALWAYS_SEARCH_USER_PATHS = NO;
				CLANG_ANALYZER_NONNULL = YES;
				CLANG_ANALYZER_NUMBER_OBJECT_CONVERSION = YES_AGGRESSIVE;
				CLANG_CXX_LANGUAGE_STANDARD = "gnu++14";
				CLANG_CXX_LIBRARY = "libc++";
				CLANG_ENABLE_MODULES = YES;
				CLANG_ENABLE_OBJC_ARC = YES;
				CLANG_ENABLE_OBJC_WEAK = YES;
				CLANG_WARN_BLOCK_CAPTURE_AUTORELEASING = YES;
				CLANG_WARN_BOOL_CONVERSION = YES;
				CLANG_WARN_COMMA = YES;
				CLANG_WARN_CONSTANT_CONVERSION = YES;
				CLANG_WARN_DEPRECATED_OBJC_IMPLEMENTATIONS = YES;
				CLANG_WARN_DIRECT_OBJC_ISA_USAGE = YES_ERROR;
				CLANG_WARN_DOCUMENTATION_COMMENTS = YES;
				CLANG_WARN_EMPTY_BODY = YES;
				CLANG_WARN_ENUM_CONVERSION = YES;
				CLANG_WARN_INFINITE_RECURSION = YES;
				CLANG_WARN_INT_CONVERSION = YES;
				CLANG_WARN_NON_LITERAL_NULL_CONVERSION = YES;
				CLANG_WARN_OBJC_IMPLICIT_RETAIN_SELF = YES;
				CLANG_WARN_OBJC_LITERAL_CONVERSION = YES;
				CLANG_WARN_OBJC_ROOT_CLASS = YES_ERROR;
				CLANG_WARN_RANGE_LOOP_ANALYSIS = YES;
				CLANG_WARN_STRICT_PROTOTYPES = YES;
				CLANG_WARN_SUSPICIOUS_MOVE = YES;
				CLANG_WARN_UNGUARDED_AVAILABILITY = YES_AGGRESSIVE;
				CLANG_WARN_UNREACHABLE_CODE = YES;
				CLANG_WARN__DUPLICATE_METHOD_MATCH = YES;
				COPY_PHASE_STRIP = NO;
				DEBUG_INFORMATION_FORMAT = "dwarf-with-dsym";
				ENABLE_NS_ASSERTIONS = NO;
				ENABLE_STRICT_OBJC_MSGSEND = YES;
				GCC_C_LANGUAGE_STANDARD = gnu11;
				GCC_NO_COMMON_BLOCKS = YES;
				GCC_WARN_64_TO_32_BIT_CONVERSION = YES;
				GCC_WARN_ABOUT_RETURN_TYPE = YES_ERROR;
				GCC_WARN_UNDECLARED_SELECTOR = YES;
				GCC_WARN_UNINITIALIZED_AUTOS = YES_AGGRESSIVE;
				GCC_WARN_UNUSED_FUNCTION = YES;
				GCC_WARN_UNUSED_VARIABLE = YES;
				IPHONEOS_DEPLOYMENT_TARGET = 13.1;
				MTL_ENABLE_DEBUG_INFO = NO;
				MTL_FAST_MATH = YES;
				SDKROOT = iphoneos;
				SWIFT_COMPILATION_MODE = wholemodule;
				SWIFT_OPTIMIZATION_LEVEL = "-O";
				VALIDATE_PRODUCT = YES;
			};
			name = Release;
		};
		9C5D3930244ABB05004C835E /* Debug */ = {
			isa = XCBuildConfiguration;
			buildSettings = {
				ASSETCATALOG_COMPILER_APPICON_NAME = AppIcon;
				CODE_SIGN_STYLE = Automatic;
				DEVELOPMENT_TEAM = L68HFVA6QB;
				INFOPLIST_FILE = HangmanTry1/Info.plist;
				IPHONEOS_DEPLOYMENT_TARGET = 13.1;
				LD_RUNPATH_SEARCH_PATHS = (
					"$(inherited)",
					"@executable_path/Frameworks",
				);
				PRODUCT_BUNDLE_IDENTIFIER = ca.chen.sihan.HangmanTry1;
				PRODUCT_NAME = "$(TARGET_NAME)";
				SWIFT_VERSION = 5.0;
				TARGETED_DEVICE_FAMILY = "1,2";
			};
			name = Debug;
		};
		9C5D3931244ABB05004C835E /* Release */ = {
			isa = XCBuildConfiguration;
			buildSettings = {
				ASSETCATALOG_COMPILER_APPICON_NAME = AppIcon;
				CODE_SIGN_STYLE = Automatic;
				DEVELOPMENT_TEAM = L68HFVA6QB;
				INFOPLIST_FILE = HangmanTry1/Info.plist;
				IPHONEOS_DEPLOYMENT_TARGET = 13.1;
				LD_RUNPATH_SEARCH_PATHS = (
					"$(inherited)",
					"@executable_path/Frameworks",
				);
				PRODUCT_BUNDLE_IDENTIFIER = ca.chen.sihan.HangmanTry1;
				PRODUCT_NAME = "$(TARGET_NAME)";
				SWIFT_VERSION = 5.0;
				TARGETED_DEVICE_FAMILY = "1,2";
			};
			name = Release;
		};
/* End XCBuildConfiguration section */

/* Begin XCConfigurationList section */
		9C5D3916244ABAF3004C835E /* Build configuration list for PBXProject "HangmanTry1" */ = {
			isa = XCConfigurationList;
			buildConfigurations = (
				9C5D392D244ABB05004C835E /* Debug */,
				9C5D392E244ABB05004C835E /* Release */,
			);
			defaultConfigurationIsVisible = 0;
			defaultConfigurationName = Release;
		};
		9C5D392F244ABB05004C835E /* Build configuration list for PBXNativeTarget "HangmanTry1" */ = {
			isa = XCConfigurationList;
			buildConfigurations = (
				9C5D3930244ABB05004C835E /* Debug */,
				9C5D3931244ABB05004C835E /* Release */,
			);
			defaultConfigurationIsVisible = 0;
			defaultConfigurationName = Release;
		};
/* End XCConfigurationList section */
	};
	rootObject = 9C5D3913244ABAF3004C835E /* Project object */;
}
